
Microsoft Visual Studio Solution File, Format Version 12.00
# Visual Studio Version 17
VisualStudioVersion = 17.6.33617.297
MinimumVisualStudioVersion = 10.0.40219.1
Project("{9A19103F-16F7-4668-BE54-9A1E7A4F7556}") = "amiliur.figforms.shared", "src\amiliur.figforms.shared\amiliur.figforms.shared.csproj", "{0A4B9AD7-1267-4F2B-893C-BEF0E53001D1}"
EndProject
Project("{FAE04EC0-301F-11D3-BF4B-00C04F79EFBC}") = "amiliur.figforms.web.blazor", "src\amiliur.figforms.web.blazor\amiliur.figforms.web.blazor.csproj", "{97D58E58-B8D9-48E4-A310-BFF03241D128}"
EndProject
Project("{FAE04EC0-301F-11D3-BF4B-00C04F79EFBC}") = "tests.amiliur.figforms.shared", "tests\tests.amiliur.figforms.shared\tests.amiliur.figforms.shared.csproj", "{5900074C-B8AD-4818-BB33-1574F7DD83C0}"
EndProject
Project("{FAE04EC0-301F-11D3-BF4B-00C04F79EFBC}") = "tests.amiliur.figforms.web.blazor", "tests\tests.amiliur.figforms.web.blazor\tests.amiliur.figforms.web.blazor.csproj", "{3EFBE0AD-6EDB-4089-B690-6C05DD4398C6}"
EndProject
Project("{2150E333-8FDC-42A3-9474-1A3956D46DE8}") = "Tests", "Tests", "{C3E99A04-6DFD-4557-810A-F9DB3FA245E3}"
EndProject
Global
	GlobalSection(SolutionConfigurationPlatforms) = preSolution
		Debug|Any CPU = Debug|Any CPU
		Release|Any CPU = Release|Any CPU
	EndGlobalSection
	GlobalSection(ProjectConfigurationPlatforms) = postSolution
		{0A4B9AD7-1267-4F2B-893C-BEF0E53001D1}.Debug|Any CPU.ActiveCfg = Debug|Any CPU
		{0A4B9AD7-1267-4F2B-893C-BEF0E53001D1}.Debug|Any CPU.Build.0 = Debug|Any CPU
		{0A4B9AD7-1267-4F2B-893C-BEF0E53001D1}.Release|Any CPU.ActiveCfg = Release|Any CPU
		{0A4B9AD7-1267-4F2B-893C-BEF0E53001D1}.Release|Any CPU.Build.0 = Release|Any CPU
		{97D58E58-B8D9-48E4-A310-BFF03241D128}.Debug|Any CPU.ActiveCfg = Debug|Any CPU
		{97D58E58-B8D9-48E4-A310-BFF03241D128}.Debug|Any CPU.Build.0 = Debug|Any CPU
		{97D58E58-B8D9-48E4-A310-BFF03241D128}.Release|Any CPU.ActiveCfg = Release|Any CPU
		{97D58E58-B8D9-48E4-A310-BFF03241D128}.Release|Any CPU.Build.0 = Release|Any CPU
		{5900074C-B8AD-4818-BB33-1574F7DD83C0}.Debug|Any CPU.ActiveCfg = Debug|Any CPU
		{5900074C-B8AD-4818-BB33-1574F7DD83C0}.Debug|Any CPU.Build.0 = Debug|Any CPU
		{5900074C-B8AD-4818-BB33-1574F7DD83C0}.Release|Any CPU.ActiveCfg = Release|Any CPU
		{5900074C-B8AD-4818-BB33-1574F7DD83C0}.Release|Any CPU.Build.0 = Release|Any CPU
		{3EFBE0AD-6EDB-4089-B690-6C05DD4398C6}.Debug|Any CPU.ActiveCfg = Debug|Any CPU
		{3EFBE0AD-6EDB-4089-B690-6C05DD4398C6}.Debug|Any CPU.Build.0 = Debug|Any CPU
		{3EFBE0AD-6EDB-4089-B690-6C05DD4398C6}.Release|Any CPU.ActiveCfg = Release|Any CPU
		{3EFBE0AD-6EDB-4089-B690-6C05DD4398C6}.Release|Any CPU.Build.0 = Release|Any CPU
	EndGlobalSection
	GlobalSection(SolutionProperties) = preSolution
		HideSolutionNode = FALSE
	EndGlobalSection
	GlobalSection(ExtensibilityGlobals) = postSolution
		SolutionGuid = {13665C0C-0A59-4403-A06C-E4C596124155}
	EndGlobalSection
	GlobalSection(NestedProjects) = preSolution
		{5900074C-B8AD-4818-BB33-1574F7DD83C0} = {C3E99A04-6DFD-4557-810A-F9DB3FA245E3}
		{3EFBE0AD-6EDB-4089-B690-6C05DD4398C6} = {C3E99A04-6DFD-4557-810A-F9DB3FA245E3}
	EndGlobalSection
EndGlobal
